
Microsoft Visual Studio Solution File, Format Version 12.00
# Visual Studio Version 17
VisualStudioVersion = 17.3.32901.215
MinimumVisualStudioVersion = 10.0.40219.1
Project("{FAE04EC0-301F-11D3-BF4B-00C04F79EFBC}") = "triangular-grid-filler", "triangular-grid-filler\triangular-grid-filler.csproj", "{D76096A9-A5F7-4FF8-A75A-E0BE26FA8F27}"
EndProject
Global
	GlobalSection(SolutionConfigurationPlatforms) = preSolution
		Debug|Any CPU = Debug|Any CPU
		Release|Any CPU = Release|Any CPU
	EndGlobalSection
	GlobalSection(ProjectConfigurationPlatforms) = postSolution
		{D76096A9-A5F7-4FF8-A75A-E0BE26FA8F27}.Debug|Any CPU.ActiveCfg = Debug|Any CPU
		{D76096A9-A5F7-4FF8-A75A-E0BE26FA8F27}.Debug|Any CPU.Build.0 = Debug|Any CPU
		{D76096A9-A5F7-4FF8-A75A-E0BE26FA8F27}.Release|Any CPU.ActiveCfg = Release|Any CPU
		{D76096A9-A5F7-4FF8-A75A-E0BE26FA8F27}.Release|Any CPU.Build.0 = Release|Any CPU
	EndGlobalSection
	GlobalSection(SolutionProperties) = preSolution
		HideSolutionNode = FALSE
	EndGlobalSection
	GlobalSection(ExtensibilityGlobals) = postSolution
		SolutionGuid = {82E78B5F-BB49-4984-A694-8D9F7690FBB0}
	EndGlobalSection
EndGlobal
